
Microsoft Visual Studio Solution File, Format Version 12.00
# Visual Studio Version 16
VisualStudioVersion = 16.0.29424.173
MinimumVisualStudioVersion = 10.0.40219.1
Project("{9A19103F-16F7-4668-BE54-9A1E7A4F7556}") = "Domain", "Domain\Domain.csproj", "{86975C52-CB81-4BC7-AE40-1C780C37C1A7}"
EndProject
Project("{9A19103F-16F7-4668-BE54-9A1E7A4F7556}") = "Persistance", "Persistance\Persistance.csproj", "{F2277B04-AE90-4760-904A-A9FFE846FC4D}"
EndProject
Project("{9A19103F-16F7-4668-BE54-9A1E7A4F7556}") = "Application", "Application\Application.csproj", "{F3D5B57F-3600-4D63-AB53-A1DF6582ADD1}"
EndProject
Project("{9A19103F-16F7-4668-BE54-9A1E7A4F7556}") = "UnitTestProject", "UnitTestProject\UnitTestProject.csproj", "{9F242F49-4358-4066-84A1-CF8F12AB9EB7}"
EndProject
Project("{FAE04EC0-301F-11D3-BF4B-00C04F79EFBC}") = "WebAPI", "WebAPI\WebAPI.csproj", "{BA6859B1-7DF5-415F-8461-7222CC3614D0}"
EndProject
Global
	GlobalSection(SolutionConfigurationPlatforms) = preSolution
		Debug|Any CPU = Debug|Any CPU
		Release|Any CPU = Release|Any CPU
	EndGlobalSection
	GlobalSection(ProjectConfigurationPlatforms) = postSolution
		{86975C52-CB81-4BC7-AE40-1C780C37C1A7}.Debug|Any CPU.ActiveCfg = Debug|Any CPU
		{86975C52-CB81-4BC7-AE40-1C780C37C1A7}.Debug|Any CPU.Build.0 = Debug|Any CPU
		{86975C52-CB81-4BC7-AE40-1C780C37C1A7}.Release|Any CPU.ActiveCfg = Release|Any CPU
		{86975C52-CB81-4BC7-AE40-1C780C37C1A7}.Release|Any CPU.Build.0 = Release|Any CPU
		{F2277B04-AE90-4760-904A-A9FFE846FC4D}.Debug|Any CPU.ActiveCfg = Debug|Any CPU
		{F2277B04-AE90-4760-904A-A9FFE846FC4D}.Debug|Any CPU.Build.0 = Debug|Any CPU
		{F2277B04-AE90-4760-904A-A9FFE846FC4D}.Release|Any CPU.ActiveCfg = Release|Any CPU
		{F2277B04-AE90-4760-904A-A9FFE846FC4D}.Release|Any CPU.Build.0 = Release|Any CPU
		{F3D5B57F-3600-4D63-AB53-A1DF6582ADD1}.Debug|Any CPU.ActiveCfg = Debug|Any CPU
		{F3D5B57F-3600-4D63-AB53-A1DF6582ADD1}.Debug|Any CPU.Build.0 = Debug|Any CPU
		{F3D5B57F-3600-4D63-AB53-A1DF6582ADD1}.Release|Any CPU.ActiveCfg = Release|Any CPU
		{F3D5B57F-3600-4D63-AB53-A1DF6582ADD1}.Release|Any CPU.Build.0 = Release|Any CPU
		{9F242F49-4358-4066-84A1-CF8F12AB9EB7}.Debug|Any CPU.ActiveCfg = Debug|Any CPU
		{9F242F49-4358-4066-84A1-CF8F12AB9EB7}.Debug|Any CPU.Build.0 = Debug|Any CPU
		{9F242F49-4358-4066-84A1-CF8F12AB9EB7}.Release|Any CPU.ActiveCfg = Release|Any CPU
		{9F242F49-4358-4066-84A1-CF8F12AB9EB7}.Release|Any CPU.Build.0 = Release|Any CPU
		{BA6859B1-7DF5-415F-8461-7222CC3614D0}.Debug|Any CPU.ActiveCfg = Debug|Any CPU
		{BA6859B1-7DF5-415F-8461-7222CC3614D0}.Debug|Any CPU.Build.0 = Debug|Any CPU
		{BA6859B1-7DF5-415F-8461-7222CC3614D0}.Release|Any CPU.ActiveCfg = Release|Any CPU
		{BA6859B1-7DF5-415F-8461-7222CC3614D0}.Release|Any CPU.Build.0 = Release|Any CPU
	EndGlobalSection
	GlobalSection(SolutionProperties) = preSolution
		HideSolutionNode = FALSE
	EndGlobalSection
	GlobalSection(ExtensibilityGlobals) = postSolution
		SolutionGuid = {86276387-2A05-4303-9C70-E8AF79A48968}
	EndGlobalSection
EndGlobal
